
Microsoft Visual Studio Solution File, Format Version 12.00
# Visual Studio Version 16
VisualStudioVersion = 16.0.31729.503
MinimumVisualStudioVersion = 10.0.40219.1
Project("{FAE04EC0-301F-11D3-BF4B-00C04F79EFBC}") = "Pacientes", "Pacientes\Pacientes.csproj", "{240BAEEC-05C6-4A91-A7E2-D54564BA5218}"
EndProject
Global
	GlobalSection(SolutionConfigurationPlatforms) = preSolution
		Debug|Any CPU = Debug|Any CPU
		Release|Any CPU = Release|Any CPU
	EndGlobalSection
	GlobalSection(ProjectConfigurationPlatforms) = postSolution
		{240BAEEC-05C6-4A91-A7E2-D54564BA5218}.Debug|Any CPU.ActiveCfg = Debug|Any CPU
		{240BAEEC-05C6-4A91-A7E2-D54564BA5218}.Debug|Any CPU.Build.0 = Debug|Any CPU
		{240BAEEC-05C6-4A91-A7E2-D54564BA5218}.Release|Any CPU.ActiveCfg = Release|Any CPU
		{240BAEEC-05C6-4A91-A7E2-D54564BA5218}.Release|Any CPU.Build.0 = Release|Any CPU
	EndGlobalSection
	GlobalSection(SolutionProperties) = preSolution
		HideSolutionNode = FALSE
	EndGlobalSection
	GlobalSection(ExtensibilityGlobals) = postSolution
		SolutionGuid = {32CA1733-8155-4F14-9358-2DDE2F13F1B9}
	EndGlobalSection
EndGlobal
